<?xml version="1.0" encoding="utf-8"?>
<Project ToolsVersion="4.0" xmlns="http://schemas.microsoft.com/developer/msbuild/2003">
  <ItemGroup>
    <Filter Include="Source Files">
      <UniqueIdentifier>{4FC737F1-C7A5-4376-A066-2A32D752A2FF}</UniqueIdentifier>
      <Extensions>cpp;c;cc;cxx;c++;cppm;ixx;def;odl;idl;hpj;bat;asm;asmx</Extensions>
    </Filter>
    <Filter Include="Header Files">
      <UniqueIdentifier>{93995380-89BD-4b04-88EB-625FBE52EBFB}</UniqueIdentifier>
      <Extensions>h;hh;hpp;hxx;h++;hm;inl;inc;ipp;xsd</Extensions>
    </Filter>
    <Filter Include="Resource Files">
      <UniqueIdentifier>{67DA6AB6-F800-4c08-8B7A-83BB121AAD01}</UniqueIdentifier>
      <Extensions>rc;ico;cur;bmp;dlg;rc2;rct;bin;rgs;gif;jpg;jpeg;jpe;resx;tiff;tif;png;wav;mfcribbon-ms</Extensions>
    </Filter>
    <Filter Include="Resource Files\FileExplorer">
      <UniqueIdentifier>{de6dcf0d-d3f6-4d53-9eb4-d0100a4322c2}</UniqueIdentifier>
    </Filter>
    <Filter Include="Resource Files\Clipboard">
      <UniqueIdentifier>{ad79dbee-7f2f-4fe3-a0c7-326b690b2f60}</UniqueIdentifier>
    </Filter>
    <Filter Include="Resource Files\Random">
      <UniqueIdentifier>{1859913d-e6f7-4e9f-aaff-47428da0e10b}</UniqueIdentifier>
    </Filter>
  </ItemGroup>
  <ItemGroup>
    <ClCompile Include="main.cpp">
      <Filter>Source Files</Filter>
    </ClCompile>
    <ClCompile Include="FileExplorer.cpp">
      <Filter>Resource Files\FileExplorer</Filter>
    </ClCompile>
    <ClCompile Include="Clipboard.cpp">
      <Filter>Resource Files\Clipboard</Filter>
    </ClCompile>
    <ClCompile Include="Random.cpp">
      <Filter>Resource Files\Random</Filter>
    </ClCompile>
  </ItemGroup>
  <ItemGroup>
    <ClInclude Include="FileExplorer.h">
      <Filter>Resource Files\FileExplorer</Filter>
    </ClInclude>
    <ClInclude Include="Clipboard.h">
      <Filter>Resource Files\Clipboard</Filter>
    </ClInclude>
    <ClInclude Include="Random.h">
      <Filter>Resource Files\Random</Filter>
    </ClInclude>
  </ItemGroup>
</Project>